
Microsoft Visual Studio Solution File, Format Version 12.00
# Visual Studio Version 17
VisualStudioVersion = 17.7.34031.279
MinimumVisualStudioVersion = 10.0.40219.1
Project("{9A19103F-16F7-4668-BE54-9A1E7A4F7556}") = "AmaguaS2", "AmaguaS2\AmaguaS2.csproj", "{9B1DC5DB-2A65-49FB-A902-9B0045C85F76}"
EndProject
Project("{FAE04EC0-301F-11D3-BF4B-00C04F79EFBC}") = "TareaSemana1_Amagua", "TareaSemana1_Amagua\TareaSemana1_Amagua.csproj", "{B7F0F85C-CF9D-49FC-85D9-D223D57A6ED3}"
EndProject
Global
	GlobalSection(SolutionConfigurationPlatforms) = preSolution
		Debug|Any CPU = Debug|Any CPU
		Release|Any CPU = Release|Any CPU
	EndGlobalSection
	GlobalSection(ProjectConfigurationPlatforms) = postSolution
		{9B1DC5DB-2A65-49FB-A902-9B0045C85F76}.Debug|Any CPU.ActiveCfg = Debug|Any CPU
		{9B1DC5DB-2A65-49FB-A902-9B0045C85F76}.Debug|Any CPU.Build.0 = Debug|Any CPU
		{9B1DC5DB-2A65-49FB-A902-9B0045C85F76}.Debug|Any CPU.Deploy.0 = Debug|Any CPU
		{9B1DC5DB-2A65-49FB-A902-9B0045C85F76}.Release|Any CPU.ActiveCfg = Release|Any CPU
		{9B1DC5DB-2A65-49FB-A902-9B0045C85F76}.Release|Any CPU.Build.0 = Release|Any CPU
		{9B1DC5DB-2A65-49FB-A902-9B0045C85F76}.Release|Any CPU.Deploy.0 = Release|Any CPU
		{B7F0F85C-CF9D-49FC-85D9-D223D57A6ED3}.Debug|Any CPU.ActiveCfg = Debug|Any CPU
		{B7F0F85C-CF9D-49FC-85D9-D223D57A6ED3}.Debug|Any CPU.Build.0 = Debug|Any CPU
		{B7F0F85C-CF9D-49FC-85D9-D223D57A6ED3}.Debug|Any CPU.Deploy.0 = Debug|Any CPU
		{B7F0F85C-CF9D-49FC-85D9-D223D57A6ED3}.Release|Any CPU.ActiveCfg = Release|Any CPU
		{B7F0F85C-CF9D-49FC-85D9-D223D57A6ED3}.Release|Any CPU.Build.0 = Release|Any CPU
		{B7F0F85C-CF9D-49FC-85D9-D223D57A6ED3}.Release|Any CPU.Deploy.0 = Release|Any CPU
	EndGlobalSection
	GlobalSection(SolutionProperties) = preSolution
		HideSolutionNode = FALSE
	EndGlobalSection
	GlobalSection(ExtensibilityGlobals) = postSolution
		SolutionGuid = {ED118785-E8DC-4538-9A40-E08CF6E7C7FA}
	EndGlobalSection
EndGlobal
